[[package]]
category = "main"
description = "Disable App Nap on OS X 10.9"
marker = "sys_platform == \"darwin\""
name = "appnope"
optional = false
python-versions = "*"
version = "0.1.0"

[[package]]
category = "dev"
description = "Atomic file writes."
name = "atomicwrites"
optional = false
python-versions = ">=2.7, !=3.0.*, !=3.1.*, !=3.2.*, !=3.3.*"
version = "1.3.0"

[[package]]
category = "dev"
description = "Classes Without Boilerplate"
name = "attrs"
optional = false
python-versions = ">=2.7, !=3.0.*, !=3.1.*, !=3.2.*, !=3.3.*"
version = "19.1.0"

[[package]]
category = "main"
description = "Specifications for callback functions passed in to an API"
name = "backcall"
optional = false
python-versions = "*"
version = "0.1.0"

[[package]]
category = "main"
description = "Screen-scraping library"
name = "beautifulsoup4"
optional = false
python-versions = "*"
version = "4.8.0"

[package.dependencies]
soupsieve = ">=1.2"

[[package]]
category = "main"
description = "('The Blis BLAS-like linear algebra library, as a self-contained C-extension.',)"
name = "blis"
optional = false
python-versions = "*"
version = "0.2.4"

[package.dependencies]
numpy = ">=1.15.0"

[[package]]
category = "main"
description = "Fast NumPy array functions written in C"
name = "bottleneck"
optional = false
python-versions = "*"
version = "1.2.1"

[package.dependencies]
numpy = "*"

[[package]]
category = "main"
description = "Python package for providing Mozilla's CA Bundle."
name = "certifi"
optional = false
python-versions = "*"
version = "2019.6.16"

[[package]]
category = "main"
description = "Universal encoding detector for Python 2 and 3"
name = "chardet"
optional = false
python-versions = "*"
version = "3.0.4"

[[package]]
category = "main"
description = "Cross-platform colored terminal text."
marker = "sys_platform == \"win32\""
name = "colorama"
optional = false
python-versions = ">=2.7, !=3.0.*, !=3.1.*, !=3.2.*, !=3.3.*"
version = "0.4.1"

[[package]]
category = "main"
description = "Composable style cycles"
name = "cycler"
optional = false
python-versions = "*"
version = "0.10.0"

[package.dependencies]
six = "*"

[[package]]
category = "main"
description = "Manage calls to calloc/free through Cython"
name = "cymem"
optional = false
python-versions = "*"
version = "2.0.2"

[[package]]
category = "main"
description = "A backport of the dataclasses module for Python 3.6"
marker = "python_version < \"3.7\""
name = "dataclasses"
optional = false
python-versions = "*"
version = "0.6"

[[package]]
category = "main"
description = "Better living through Python with decorators"
name = "decorator"
optional = false
python-versions = ">=2.6, !=3.0.*, !=3.1.*"
version = "4.4.0"

[[package]]
category = "main"
description = "fastai makes deep learning with PyTorch faster, more accurate, and easier"
name = "fastai"
optional = false
python-versions = ">=3.6"
version = "1.0.55"

[package.dependencies]
Pillow = "*"
beautifulsoup4 = "*"
bottleneck = "*"
fastprogress = ">=0.1.19"
matplotlib = "*"
numexpr = "*"
numpy = ">=1.15"
nvidia-ml-py3 = "*"
packaging = "*"
pandas = "*"
pynvx = ">=1.0.0"
pyyaml = "*"
requests = "*"
scipy = "*"
spacy = ">=2.0.18"
torch = ">=1.0.0"
torchvision = "*"

[package.dependencies.dataclasses]
python = "<3.7"
version = "*"

[package.dependencies.typing]
python = "<3.7"
version = "*"

[[package]]
category = "main"
description = "A nested progress with plotting options for fastai"
name = "fastprogress"
optional = false
python-versions = "*"
version = "0.1.21"

[[package]]
category = "main"
description = "Clean single-source support for Python 3 and 2"
name = "future"
optional = false
python-versions = ">=2.6, !=3.0.*, !=3.1.*, !=3.2.*"
version = "0.17.1"

[[package]]
category = "main"
description = "Internationalized Domain Names in Applications (IDNA)"
name = "idna"
optional = false
python-versions = ">=2.7, !=3.0.*, !=3.1.*, !=3.2.*, !=3.3.*"
version = "2.8"

[[package]]
category = "dev"
description = "Read metadata from Python packages"
name = "importlib-metadata"
optional = false
python-versions = ">=2.7,!=3.0,!=3.1,!=3.2,!=3.3"
version = "0.18"

[package.dependencies]
zipp = ">=0.5"

[[package]]
category = "main"
description = "IPython: Productive Interactive Computing"
name = "ipython"
optional = false
python-versions = ">=3.5"
version = "7.6.1"

[package.dependencies]
appnope = "*"
backcall = "*"
colorama = "*"
decorator = "*"
jedi = ">=0.10"
pexpect = "*"
pickleshare = "*"
prompt-toolkit = ">=2.0.0,<2.1.0"
pygments = "*"
setuptools = ">=18.5"
traitlets = ">=4.2"

[[package]]
category = "main"
description = "Vestigial utilities from IPython"
name = "ipython-genutils"
optional = false
python-versions = "*"
version = "0.2.0"

[[package]]
category = "main"
description = "An autocompletion tool for Python that can be used for text editors."
name = "jedi"
optional = false
python-versions = ">=2.7, !=3.0.*, !=3.1.*, !=3.2.*, !=3.3.*"
version = "0.14.1"

[package.dependencies]
parso = ">=0.5.0"

[[package]]
category = "main"
description = "Lightweight pipelining: using Python functions as pipeline jobs."
name = "joblib"
optional = false
python-versions = "*"
version = "0.13.2"

[[package]]
category = "main"
description = "A fast implementation of the Cassowary constraint solver"
name = "kiwisolver"
optional = false
python-versions = ">=2.7, !=3.0.*, !=3.1.*, !=3.2.*, !=3.3.*"
version = "1.1.0"

[package.dependencies]
setuptools = "*"

[[package]]
category = "main"
description = "Python plotting package"
name = "matplotlib"
optional = false
python-versions = ">=3.6"
version = "3.1.1"

[package.dependencies]
cycler = ">=0.10"
kiwisolver = ">=1.0.1"
numpy = ">=1.11"
pyparsing = ">=2.0.1,<2.0.4 || >2.0.4,<2.1.2 || >2.1.2,<2.1.6 || >2.1.6"
python-dateutil = ">=2.1"

[[package]]
category = "dev"
description = "More routines for operating on iterables, beyond itertools"
name = "more-itertools"
optional = false
python-versions = ">=3.4"
version = "7.2.0"

[[package]]
category = "main"
description = "Cython bindings for MurmurHash"
name = "murmurhash"
optional = false
python-versions = "*"
version = "1.0.2"

[[package]]
category = "main"
description = "Fast numerical expression evaluator for NumPy"
name = "numexpr"
optional = false
python-versions = "*"
version = "2.6.9"

[package.dependencies]
numpy = ">=1.7"

[[package]]
category = "main"
description = "NumPy is the fundamental package for array computing with Python."
name = "numpy"
optional = false
python-versions = ">=2.7,!=3.0.*,!=3.1.*,!=3.2.*,!=3.3.*"
version = "1.16.4"

[[package]]
category = "main"
description = "Python Bindings for the NVIDIA Management Library"
name = "nvidia-ml-py3"
optional = false
python-versions = "*"
version = "7.352.0"

[[package]]
category = "main"
description = "Core utilities for Python packages"
name = "packaging"
optional = false
python-versions = ">=2.7, !=3.0.*, !=3.1.*, !=3.2.*, !=3.3.*"
version = "19.0"

[package.dependencies]
pyparsing = ">=2.0.2"
six = "*"

[[package]]
category = "main"
description = "Powerful data structures for data analysis, time series, and statistics"
name = "pandas"
optional = false
python-versions = ">=3.5.3"
version = "0.25.0"

[package.dependencies]
numpy = ">=1.13.3"
python-dateutil = ">=2.6.1"
pytz = ">=2017.2"

[[package]]
category = "main"
description = "A Python Parser"
name = "parso"
optional = false
python-versions = "*"
version = "0.5.1"

[[package]]
category = "main"
description = "Pexpect allows easy control of interactive console applications."
marker = "sys_platform != \"win32\""
name = "pexpect"
optional = false
python-versions = "*"
version = "4.7.0"

[package.dependencies]
ptyprocess = ">=0.5"

[[package]]
category = "main"
description = "Tiny 'shelve'-like database with concurrency support"
name = "pickleshare"
optional = false
python-versions = "*"
version = "0.7.5"

[[package]]
category = "main"
description = "Python Imaging Library (Fork)"
name = "pillow"
optional = false
python-versions = ">=2.7, !=3.0.*, !=3.1.*, !=3.2.*, !=3.3.*, !=3.4.*"
version = "6.1.0"

[[package]]
category = "main"
description = "The smartest command line arguments parser in the world"
name = "plac"
optional = false
python-versions = "*"
version = "0.9.6"

[[package]]
category = "dev"
description = "plugin and hook calling mechanisms for python"
name = "pluggy"
optional = false
python-versions = ">=2.7, !=3.0.*, !=3.1.*, !=3.2.*, !=3.3.*"
version = "0.12.0"

[package.dependencies]
importlib-metadata = ">=0.12"

[[package]]
category = "main"
description = "Cython hash table that trusts the keys are pre-hashed"
name = "preshed"
optional = false
python-versions = "*"
version = "2.0.1"

[package.dependencies]
cymem = ">=2.0.2,<2.1.0"

[[package]]
category = "main"
description = "Library for building powerful interactive command lines in Python"
name = "prompt-toolkit"
optional = false
python-versions = "*"
version = "2.0.9"

[package.dependencies]
six = ">=1.9.0"
wcwidth = "*"

[[package]]
category = "main"
description = "Run a subprocess in a pseudo terminal"
marker = "sys_platform != \"win32\""
name = "ptyprocess"
optional = false
python-versions = "*"
version = "0.6.0"

[[package]]
category = "dev"
description = "library with cross-python path, ini-parsing, io, code, log facilities"
name = "py"
optional = false
python-versions = ">=2.7, !=3.0.*, !=3.1.*, !=3.2.*, !=3.3.*"
version = "1.8.0"

[[package]]
category = "main"
description = "Pygments is a syntax highlighting package written in Python."
name = "pygments"
optional = false
python-versions = ">=2.7, !=3.0.*, !=3.1.*, !=3.2.*, !=3.3.*, !=3.4.*"
version = "2.4.2"

[[package]]
category = "main"
description = "Python bindings for NVIDIA CUDA APIs."
marker = "platform_system == \"Darwin\""
name = "pynvx"
optional = false
python-versions = "*"
version = "1.0.0"

[[package]]
category = "main"
description = "Python parsing module"
name = "pyparsing"
optional = false
python-versions = ">=2.6, !=3.0.*, !=3.1.*, !=3.2.*"
version = "2.4.1.1"

[[package]]
category = "dev"
description = "pytest: simple powerful testing with Python"
name = "pytest"
optional = false
python-versions = ">=2.7, !=3.0.*, !=3.1.*, !=3.2.*, !=3.3.*"
version = "3.10.1"

[package.dependencies]
atomicwrites = ">=1.0"
attrs = ">=17.4.0"
colorama = "*"
more-itertools = ">=4.0.0"
pluggy = ">=0.7"
py = ">=1.5.0"
setuptools = "*"
six = ">=1.10.0"

[[package]]
category = "main"
description = "Extensions to the standard Python datetime module"
name = "python-dateutil"
optional = false
python-versions = ">=2.7, !=3.0.*, !=3.1.*, !=3.2.*"
version = "2.8.0"

[package.dependencies]
six = ">=1.5"

[[package]]
category = "main"
description = "World timezone definitions, modern and historical"
name = "pytz"
optional = false
python-versions = "*"
version = "2019.1"

[[package]]
category = "main"
description = "YAML parser and emitter for Python"
name = "pyyaml"
optional = false
python-versions = ">=2.7, !=3.0.*, !=3.1.*, !=3.2.*, !=3.3.*"
version = "5.1.1"

[[package]]
category = "main"
description = "Python HTTP for Humans."
name = "requests"
optional = false
python-versions = ">=2.7, !=3.0.*, !=3.1.*, !=3.2.*, !=3.3.*, !=3.4.*"
version = "2.22.0"

[package.dependencies]
certifi = ">=2017.4.17"
chardet = ">=3.0.2,<3.1.0"
idna = ">=2.5,<2.9"
urllib3 = ">=1.21.1,<1.25.0 || >1.25.0,<1.25.1 || >1.25.1,<1.26"

[[package]]
category = "main"
description = "A set of python modules for machine learning and data mining"
name = "scikit-learn"
optional = false
python-versions = ">=3.5"
version = "0.21.2"

[package.dependencies]
joblib = ">=0.11"
numpy = ">=1.11.0"
scipy = ">=0.17.0"

[[package]]
category = "main"
description = "SciPy: Scientific Library for Python"
name = "scipy"
optional = false
python-versions = ">=3.5"
version = "1.3.0"

[package.dependencies]
numpy = ">=1.13.3"

[[package]]
category = "main"
description = "Python 2 and 3 compatibility utilities"
name = "six"
optional = false
python-versions = ">=2.6, !=3.0.*, !=3.1.*"
version = "1.12.0"

[[package]]
category = "main"
description = "A modern CSS selector implementation for Beautiful Soup."
name = "soupsieve"
optional = false
python-versions = "*"
version = "1.9.2"

[[package]]
category = "main"
description = "Industrial-strength Natural Language Processing (NLP) with Python and Cython"
name = "spacy"
optional = false
python-versions = ">=2.7,!=3.0.*,!=3.1.*,!=3.2.*,!=3.3.*"
version = "2.1.6"

[package.dependencies]
blis = ">=0.2.2,<0.3.0"
cymem = ">=2.0.2,<2.1.0"
murmurhash = ">=0.28.0,<1.1.0"
numpy = ">=1.15.0"
plac = ">=0.9.6,<1.0.0"
preshed = ">=2.0.1,<2.1.0"
requests = ">=2.13.0,<3.0.0"
srsly = ">=0.0.6,<1.1.0"
thinc = ">=7.0.8,<7.1.0"
wasabi = ">=0.2.0,<1.1.0"

[[package]]
category = "main"
description = "Modern high-performance serialization utilities for Python"
name = "srsly"
optional = false
python-versions = "*"
version = "0.0.7"

[[package]]
category = "main"
description = "Practical Machine Learning for NLP"
name = "thinc"
optional = false
python-versions = "*"
version = "7.0.8"

[package.dependencies]
blis = ">=0.2.1,<0.3.0"
cymem = ">=2.0.2,<2.1.0"
murmurhash = ">=0.28.0,<1.1.0"
numpy = ">=1.7.0"
plac = ">=0.9.6,<1.0.0"
preshed = ">=1.0.1,<2.1.0"
srsly = ">=0.0.6,<1.1.0"
tqdm = ">=4.10.0,<5.0.0"
wasabi = ">=0.0.9,<1.1.0"

[[package]]
category = "main"
description = "Tensors and Dynamic neural networks in Python with strong GPU acceleration"
name = "torch"
optional = false
python-versions = "*"
version = "1.1.0.post2"

[package.dependencies]
future = "*"
numpy = "*"

[[package]]
category = "main"
description = "image and video datasets and models for torch deep learning"
name = "torchvision"
optional = false
python-versions = "*"
version = "0.3.0"

[package.dependencies]
numpy = "*"
pillow = ">=4.1.1"
six = "*"
torch = ">=1.1.0"

[[package]]
category = "main"
description = "Fast, Extensible Progress Meter"
name = "tqdm"
optional = false
python-versions = ">=2.6, !=3.0.*, !=3.1.*"
version = "4.32.2"

[[package]]
category = "main"
description = "Traitlets Python config system"
name = "traitlets"
optional = false
python-versions = "*"
version = "4.3.2"

[package.dependencies]
decorator = "*"
ipython-genutils = "*"
six = "*"

[[package]]
category = "main"
description = "Type Hints for Python"
marker = "python_version < \"3.7\""
name = "typing"
optional = false
python-versions = "*"
version = "3.7.4"

[[package]]
category = "main"
description = "HTTP library with thread-safe connection pooling, file post, and more."
name = "urllib3"
optional = false
python-versions = ">=2.7, !=3.0.*, !=3.1.*, !=3.2.*, !=3.3.*, <4"
version = "1.25.3"

[[package]]
category = "main"
description = "A lightweight console printing and formatting toolkit"
name = "wasabi"
optional = false
python-versions = "*"
version = "0.2.2"

[[package]]
category = "main"
description = "Measures number of Terminal column cells of wide-character codes"
name = "wcwidth"
optional = false
python-versions = "*"
version = "0.1.7"

[[package]]
category = "dev"
description = "Backport of pathlib-compatible object wrapper for zip files"
name = "zipp"
optional = false
python-versions = ">=2.7"
version = "0.5.2"

[metadata]
content-hash = "845f831b20042a021f50cb63f7fd219ce365cb3291c2510f943958410a476c92"
python-versions = "^3.6"

[metadata.hashes]
appnope = ["5b26757dc6f79a3b7dc9fab95359328d5747fcb2409d331ea66d0272b90ab2a0", "8b995ffe925347a2138d7ac0fe77155e4311a0ea6d6da4f5128fe4b3cbe5ed71"]
atomicwrites = ["03472c30eb2c5d1ba9227e4c2ca66ab8287fbfbbda3888aa93dc2e28fc6811b4", "75a9445bac02d8d058d5e1fe689654ba5a6556a1dfd8ce6ec55a0ed79866cfa6"]
attrs = ["69c0dbf2ed392de1cb5ec704444b08a5ef81680a61cb899dc08127123af36a79", "f0b870f674851ecbfbbbd364d6b5cbdff9dcedbc7f3f5e18a6891057f21fe399"]
backcall = ["38ecd85be2c1e78f77fd91700c76e14667dc21e2713b63876c0eb901196e01e4", "bbbf4b1e5cd2bdb08f915895b51081c041bac22394fdfcfdfbe9f14b77c08bf2"]
beautifulsoup4 = ["05668158c7b85b791c5abde53e50265e16f98ad601c402ba44d70f96c4159612", "25288c9e176f354bf277c0a10aa96c782a6a18a17122dba2e8cec4a97e03343b", "f040590be10520f2ea4c2ae8c3dae441c7cfff5308ec9d58a0ec0c1b8f81d469"]
blis = ["039129410a338be8db8cf48c54334bd7c30da7e72bad2741e59313b1d242814b", "058f9109aaea9d4f88cb623a44994d96c8cf36448de3e1bd30210628d6b52e9e", "278d7b95e56cf82a6bef91cd8283eadc9401f2d3bdbbf2cdfdb605cf9081c36e", "2d4ca1508fd6229c7994fc17ba324083a5b83f66612c8ea62623a41a1768b030", "51a54bad6175e9b154beeb628a879ed492ee2247c9e40c77bdf6fc772145130c", "886b313f96d4e268a0587e98c1637d963c73defa8de51e2e6b0d0bd00f16afbb", "9f12e6f1e4b10dbb1e0e34e98f60e8435058a60d544a009cb761351fe1d12cad", "a54d4fa1908d586f8bce9851a453cb89d1542e9aca65b8b88e9bb9432d626f80", "b9d6cef13d95e3752320cd942df25e09160a6f9dfc3d7b41af7cdc772ab18270", "d571464d195a950e60bf1547c8914d4da50952e06a0f38cea7b0829d0a4b985a", "d616d64c85e6be92d69a1410dc58146cb9603fd1eb148f9ee512b8fddfd789f6", "e477c7eaacf7dcccbb190a29559579efb287ecf5c2a9a7a6f9acb0452899f033", "e6ae1986625af86f90f111f9d2d284b9e45fddfe56cf40524cdd9417a6a33b87"]
bottleneck = ["6efcde5f830aed64feafca0359b51db0e184c72af8ba6675b4a99f263922eb36"]
certifi = ["046832c04d4e752f37383b628bc601a7ea7211496b4638f6514d0e5b9acc4939", "945e3ba63a0b9f577b1395204e13c3a231f9bc0223888be653286534e5873695"]
chardet = ["84ab92ed1c4d4f16916e05906b6b75a6c0fb5db821cc65e70cbd64a3e2a5eaae", "fc323ffcaeaed0e0a02bf4d117757b98aed530d9ed4531e3e15460124c106691"]
colorama = ["05eed71e2e327246ad6b38c540c4a3117230b19679b875190486ddd2d721422d", "f8ac84de7840f5b9c4e3347b3c1eaa50f7e49c2b07596221daec5edaabbd7c48"]
cycler = ["1d8a5ae1ff6c5cf9b93e8811e581232ad8920aeec647c37316ceac982b08cb2d", "cd7b2d1018258d7247a71425e9f26463dfb444d411c39569972f4ce586b0c9d8"]
cymem = ["081c652ae1aff4759813e93a2fc4df4ba410ce214a0e542988e24c62110d4cd0", "0e447fa4cb6dccd0b96257a798370a17bef3ec254a527230058e41816a777c04", "2c8267dcb15cc6ab318f01ceaf16b8440c0386ae44014d5b22fefe5b0398d05c", "46141111eedbb5b0d8c9386b00226a15f5727a1202b9095f4363d425f259267e", "4994c1f3e948bd58a6e38c905221680563b851983a15f1f01e5ff415d560d153", "584872fd3df176e50c90e37aaca6cb731ac0abcdea4f5b8ad77c30674cfaaa99", "6e3194135b21bb268030f3473beb8b674b356c330a9fa185dced2f5006cbd5ba", "71710ee0e946a6bd33c86dd9e71f95ad584c65e8bb02615f00ceb0d8348fb303", "741957f541fb8322de5a8c711d5d58f80d684225d2aec32fec92484cac931a52", "7f01ba6153427811cd7d35630081c69b32c188a1d330599a826ef3bf17edbd7c", "8d96e95902e781950d7c255b19364a1ed50a204843d63dd386b0abc5e6df5e44", "8dd169ece1629ec4db1a592321e3ae0a9bb62fda2052a351fc36871f314c3569", "8e6ad29636edd559b0dfe0a19c5cb5e6257461a5df90839e8c7710ddb005f4b4", "9935b233882732f03fd0fadbeb9e9aa672edcdd126e6d52c36d60adf1def8ea5", "a38b3229782411e4b23240f5f90000c4e7a834af88ed8763c66f8e4603db6b51", "a5966b3171bad9c84a2b19dccda5ab37ae8437c0709a6b72cb42b64ea76a4bd3", "ab88b1534f06df07262d9bc5efb3ba07948cdbe9a363eb9eaa4ad42fae6c7b5e", "b08b0dd7adafbff9f0fd7dc8dcad5f3ce6f23c126c81ad8d1666880cc94e6974", "ba47b571d480c0b76d282ff1634372070031d4998a46ae5d8305d49563b74ca6", "bf049dc9cf0d3aa4a48ba514b7f1699fb6f35b18ad8c6f018bd13e0bccd9d30c", "c46a122c524a3270ac5249f590ac2f75f1a83692a3d3a03479cea49de72a0a89", "c63337aa7e1ad4ec182cc7847c6d85390589fbbf1f9f67d1fde8133a9acb7fa8", "ec51273ea08a2c6389bc4dd6b5183354826d916b149a041f2f274431166191bc"]
dataclasses = ["454a69d788c7fda44efd71e259be79577822f5e3f53f029a22d08004e951dc9f", "6988bd2b895eef432d562370bb707d540f32f7360ab13da45340101bc2307d84"]
decorator = ["86156361c50488b84a3f148056ea716ca587df2f0de1d34750d35c21312725de", "f069f3a01830ca754ba5258fde2278454a0b5b79e0d7f5c13b3b97e57d4acff6"]
fastai = ["ba965b92de66e8399284c27332cba2cff1c73194cea41acadfc2bb4b84ce9d4f", "babfa90e7f135ceaf6220f65c0e3915f56202f298e1f9a03b2667c5816222c0a"]
fastprogress = ["155f5101fe7f1df1583b8e311ca06a2ff65788d99a06a9cf9e54598140f5a5d2", "dd295792e91130a813c418bb39166280c71a3b7ec6d34cdbbcf6b2100c20e481"]
future = ["67045236dcfd6816dc439556d009594abf643e5eb48992e36beac09c2ca659b8"]
idna = ["c357b3f628cf53ae2c4c05627ecc484553142ca23264e593d327bcde5e9c3407", "ea8b7f6188e6fa117537c3df7da9fc686d485087abf6ac197f9c46432f7e4a3c"]
importlib-metadata = ["6dfd58dfe281e8d240937776065dd3624ad5469c835248219bd16cf2e12dbeb7", "cb6ee23b46173539939964df59d3d72c3e0c1b5d54b84f1d8a7e912fe43612db"]
ipython = ["11067ab11d98b1e6c7f0993506f7a5f8a91af420f7e82be6575fcb7a6ca372a0", "60bc55c2c1d287161191cc2469e73c116d9b634cff25fe214a43cba7cec94c79"]
ipython-genutils = ["72dd37233799e619666c9f639a9da83c34013a73e8bbc79a7a6348d93c61fab8", "eb2e116e75ecef9d4d228fdc66af54269afa26ab4463042e33785b887c628ba8"]
jedi = ["53c850f1a7d3cfcd306cc513e2450a54bdf5cacd7604b74e42dd1f0758eaaf36", "e07457174ef7cb2342ff94fa56484fe41cec7ef69b0059f01d3f812379cb6f7c"]
joblib = ["21e0c34a69ad7fde4f2b1f3402290e9ec46f545f15f1541c582edfe05d87b63a", "315d6b19643ec4afd4c41c671f9f2d65ea9d787da093487a81ead7b0bac94524"]
kiwisolver = ["05b5b061e09f60f56244adc885c4a7867da25ca387376b02c1efc29cc16bcd0f", "26f4fbd6f5e1dabff70a9ba0d2c4bd30761086454aa30dddc5b52764ee4852b7", "3b2378ad387f49cbb328205bda569b9f87288d6bc1bf4cd683c34523a2341efe", "400599c0fe58d21522cae0e8b22318e09d9729451b17ee61ba8e1e7c0346565c", "47b8cb81a7d18dbaf4fed6a61c3cecdb5adec7b4ac292bddb0d016d57e8507d5", "53eaed412477c836e1b9522c19858a8557d6e595077830146182225613b11a75", "58e626e1f7dfbb620d08d457325a4cdac65d1809680009f46bf41eaf74ad0187", "5a52e1b006bfa5be04fe4debbcdd2688432a9af4b207a3f429c74ad625022641", "5c7ca4e449ac9f99b3b9d4693debb1d6d237d1542dd6a56b3305fe8a9620f883", "682e54f0ce8f45981878756d7203fd01e188cc6c8b2c5e2cf03675390b4534d5", "79bfb2f0bd7cbf9ea256612c9523367e5ec51d7cd616ae20ca2c90f575d839a2", "7f4dd50874177d2bb060d74769210f3bce1af87a8c7cf5b37d032ebf94f0aca3", "8944a16020c07b682df861207b7e0efcd2f46c7488619cb55f65882279119389", "8aa7009437640beb2768bfd06da049bad0df85f47ff18426261acecd1cf00897", "939f36f21a8c571686eb491acfffa9c7f1ac345087281b412d63ea39ca14ec4a", "9733b7f64bd9f807832d673355f79703f81f0b3e52bfce420fc00d8cb28c6a6c", "a02f6c3e229d0b7220bd74600e9351e18bc0c361b05f29adae0d10599ae0e326", "a0c0a9f06872330d0dd31b45607197caab3c22777600e88031bfe66799e70bb0", "acc4df99308111585121db217681f1ce0eecb48d3a828a2f9bbf9773f4937e9e", "b64916959e4ae0ac78af7c3e8cef4becee0c0e9694ad477b4c6b3a536de6a544", "d3fcf0819dc3fea58be1fd1ca390851bdb719a549850e708ed858503ff25d995", "d52e3b1868a4e8fd18b5cb15055c76820df514e26aa84cc02f593d99fef6707f", "db1a5d3cc4ae943d674718d6c47d2d82488ddd94b93b9e12d24aabdbfe48caee", "e3a21a720791712ed721c7b95d433e036134de6f18c77dbe96119eaf7aa08004", "e8bf074363ce2babeb4764d94f8e65efd22e6a7c74860a4f05a6947afc020ff2", "f16814a4a96dc04bf1da7d53ee8d5b1d6decfc1a92a63349bb15d37b6a263dd9", "f2b22153870ca5cf2ab9c940d7bc38e8e9089fa0f7e5856ea195e1cf4ff43d5a", "f790f8b3dff3d53453de6a7b7ddd173d2e020fb160baff578d578065b108a05f"]
matplotlib = ["1febd22afe1489b13c6749ea059d392c03261b2950d1d45c17e3aed812080c93", "31a30d03f39528c79f3a592857be62a08595dec4ac034978ecd0f814fa0eec2d", "4442ce720907f67a79d45de9ada47be81ce17e6c2f448b3c64765af93f6829c9", "796edbd1182cbffa7e1e7a97f1e141f875a8501ba8dd834269ae3cd45a8c976f", "934e6243df7165aad097572abf5b6003c77c9b6c480c3c4de6f2ef1b5fdd4ec0", "bab9d848dbf1517bc58d1f486772e99919b19efef5dd8596d4b26f9f5ee08b6b", "c1fe1e6cdaa53f11f088b7470c2056c0df7d80ee4858dadf6cbe433fcba4323b", "e5b8aeca9276a3a988caebe9f08366ed519fff98f77c6df5b64d7603d0e42e36", "ec6bd0a6a58df3628ff269978f4a4b924a0d371ad8ce1f8e2b635b99e482877a"]
more-itertools = ["409cd48d4db7052af495b09dec721011634af3753ae1ef92d2b32f73a745f832", "92b8c4b06dac4f0611c0729b2f2ede52b2e1bac1ab48f089c7ddc12e26bb60c4"]
murmurhash = ["27b908fe4bdb426f4e4e4a8821acbe0302915b2945e035ec9d8ca513e2a74b1f", "33405103fa8cde15d72ee525a03d5cfe2c7e4901133819754810986e29627d68", "386a9eed3cb27cb2cd4394b6521275ba04552642c2d9cab5c9fb42aa5a3325c0", "3af36a0dc9f13f6892d9b8b39a6a3ccf216cae5bce38adc7c2d145677987772f", "717196a04cdc80cc3103a3da17b2415a8a5e1d0d578b7079259386bf153b3258", "8a4ed95cd3456b43ea301679c7c39ade43fc18b844b37d0ba0ac0d6acbff8e0c", "a6c071b4b498bcea16a8dc8590cad81fa8d43821f34c74bc00f96499e2527073", "b0afe329701b59d02e56bc6cee7325af83e3fee9c299c615fc1df3202b4f886f", "ba766343bdbcb928039b8fff609e80ae7a5fd5ed7a4fc5af822224b63e0cbaff", "bf33490514d308bcc27ed240cb3eb114f1ec31af031535cd8f27659a7049bd52", "c7a646f6b07b033642b4f52ae2e45efd8b80780b3b90e8092a0cec935fbf81e2", "d696c394ebd164ca80b5871e2e9ad2f9fdbb81bd3c552c1d5f1e8ee694e6204a", "fe344face8d30a5a6aa26e5acf288aa2a8f0f32e05efdda3d314b4bf289ec2af"]
numexpr = ["066d7202d3374d42203ce8ba2b007f14397fd083946abafebbc962215ead1759", "08196ac987324dc02147abcf1883b192aa5cd1a56a07c725310f1d0d703d5301", "37b04292cbb1e20bfb3428d5aeebe2bdd13368d458e508998087e40b68d8cc95", "426053be016a3584a10cae13f18692938ff7314988f69edd367b4ff60b370b5b", "47c205a2bca8477eaaa766ca2b86001ca0df4b61ae407196a3ba2420932b5dca", "4b65fe1b4565ccaab7a3617da1bd046987fb7dbc0bbe34e56aa08b05857259d1", "5839cd5f95b4088659cc5f6d25936c6a03a75c23be37f94a2885db0f6f234531", "5fe05f123e00170370c759734c395e5a4ae0ad4e6a3d370fd73e0dcd6669e665", "62d2853df0233fc04374679de20f39b93fdb7a664a0ee403fdb8e722328c5d4d", "688a25cfcd7be6fcce3f6d59fffca6105541e7a1598144b545b633a266e94113", "6a0470a6c07eaa6aa27affb9ee89ce91070747e44172870b020fd3ebe318950a", "6b70a0c372bb567ddb3039d046cccede284cee2a43688010a4110f6b2fe59421", "7f4e121bd59f3b5f7bbd9ca8873c815277c4994b22cfff8a7d57bdef9d00e939", "8213a3e84f3afadc0a4ab1fc0dab383482297f36dbf84b690bbe698b9b8c2ece", "97920e6c37553571ce55f951080d9e2b28589c1337c3788b5ae66dae3a0131d2", "9992ef8b9598a62364d46d4cb2f0f6285f4c77115f023dca821a50550044d8fc", "9c6b4dfcc978ad50a72f83fbaf0fe4706088f3b2623e365bc05036db4948e15d", "9ef58b5f8debcf0c573968f44709866210696aa476b0d22d9afe88da2bd70add", "a64bfd49359df8f87c34ed601ce857213d8678e314d8c99b972b36e35ff8f98f", "aa5b238af8f2915b39374d764ec0daa3d0a975a798f162c3ca30f1cd9fa9a274", "ae5c73f7412b7e70c88f6b384ad61e123d909b0c81a8d5edd33239eb9b5b3111", "c3850466765b9b374ff2ff40974a7b4b278b875f94314e038043f534aff8e139", "e99213c7fa5ffd5572afe065bab7a8507d750221e3fbba43fc15151056d108a1", "eac513cd2424c5f1b2c75bcb06402da407d74bb6f72584d599218228060c2468", "ecb0d0a1ac843f2b8c7afdc0c3ec4fcfcc275bbd0750065cc4112fcd14904c90", "ed96bc38a37fc34406ef76595235e5966d7d3a4123018e9a91d1b7307b4af425", "ee4c526517d89f92c9b9f9c1937ab15c9e3d33864213b4488e1dd30fbc43c87f", "fc218b777cdbb14fa8cff8f28175ee631bacabbdd41ca34e061325b6c44a6fa6"]
numpy = ["0778076e764e146d3078b17c24c4d89e0ecd4ac5401beff8e1c87879043a0633", "141c7102f20abe6cf0d54c4ced8d565b86df4d3077ba2343b61a6db996cefec7", "14270a1ee8917d11e7753fb54fc7ffd1934f4d529235beec0b275e2ccf00333b", "27e11c7a8ec9d5838bc59f809bfa86efc8a4fd02e58960fa9c49d998e14332d5", "2a04dda79606f3d2f760384c38ccd3d5b9bb79d4c8126b67aff5eb09a253763e", "3c26010c1b51e1224a3ca6b8df807de6e95128b0908c7e34f190e7775455b0ca", "52c40f1a4262c896420c6ea1c6fda62cf67070e3947e3307f5562bd783a90336", "6e4f8d9e8aa79321657079b9ac03f3cf3fd067bf31c1cca4f56d49543f4356a5", "7242be12a58fec245ee9734e625964b97cf7e3f2f7d016603f9e56660ce479c7", "7dc253b542bfd4b4eb88d9dbae4ca079e7bf2e2afd819ee18891a43db66c60c7", "94f5bd885f67bbb25c82d80184abbf7ce4f6c3c3a41fbaa4182f034bba803e69", "a89e188daa119ffa0d03ce5123dee3f8ffd5115c896c2a9d4f0dbb3d8b95bfa3", "ad3399da9b0ca36e2f24de72f67ab2854a62e623274607e37e0ce5f5d5fa9166", "b0348be89275fd1d4c44ffa39530c41a21062f52299b1e3ee7d1c61f060044b8", "b5554368e4ede1856121b0dfa35ce71768102e4aa55e526cb8de7f374ff78722", "cbddc56b2502d3f87fda4f98d948eb5b11f36ff3902e17cb6cc44727f2200525", "d79f18f41751725c56eceab2a886f021d70fd70a6188fd386e29a045945ffc10", "dc2ca26a19ab32dc475dbad9dfe723d3a64c835f4c23f625c2b6566ca32b9f29", "dd9bcd4f294eb0633bb33d1a74febdd2b9018b8b8ed325f861fffcd2c7660bb8", "e8baab1bc7c9152715844f1faca6744f2416929de10d7639ed49555a85549f52", "ec31fe12668af687b99acf1567399632a7c47b0e17cfb9ae47c098644ef36797", "f12b4f7e2d8f9da3141564e6737d79016fe5336cc92de6814eba579744f65b0a", "f58ac38d5ca045a377b3b377c84df8175ab992c970a53332fa8ac2373df44ff7"]
nvidia-ml-py3 = ["390f02919ee9d73fe63a98c73101061a6b37fa694a793abf56673320f1f51277"]
packaging = ["0c98a5d0be38ed775798ece1b9727178c4469d9c3b4ada66e8e6b7849f8732af", "9e1cbf8c12b1f1ce0bb5344b8d7ecf66a6f8a6e91bcb0c84593ed6d3ab5c4ab3"]
pandas = ["074a032f99bb55d178b93bd98999c971542f19317829af08c99504febd9e9b8b", "20f1728182b49575c2f6f681b3e2af5fac9e84abdf29488e76d569a7969b362e", "2745ba6e16c34d13d765c3657bb64fa20a0e2daf503e6216a36ed61770066179", "32c44e5b628c48ba17703f734d59f369d4cdcb4239ef26047d6c8a8bfda29a6b", "3b9f7dcee6744d9dcdd53bce19b91d20b4311bf904303fa00ef58e7df398e901", "544f2033250980fb6f069ce4a960e5f64d99b8165d01dc39afd0b244eeeef7d7", "58f9ef68975b9f00ba96755d5702afdf039dea9acef6a0cfd8ddcde32918a79c", "9023972a92073a495eba1380824b197ad1737550fe1c4ef8322e65fe58662888", "914341ad2d5b1ea522798efa4016430b66107d05781dbfe7cf05eba8f37df995", "9d151bfb0e751e2c987f931c57792871c8d7ff292bcdfcaa7233012c367940ee", "b932b127da810fef57d427260dde1ad54542c136c44b227a1e367551bb1a684b", "cfb862aa37f4dd5be0730731fdb8185ac935aba8b51bf3bd035658111c9ee1c9", "de7ecb4b120e98b91e8a2a21f186571266a8d1faa31d92421e979c7ca67d8e5c", "df7e1933a0b83920769611c5d6b9a1bf301e3fa6a544641c6678c67621fe9843"]
parso = ["63854233e1fadb5da97f2744b6b24346d2750b85965e7e399bec1620232797dc", "666b0ee4a7a1220f65d367617f2cd3ffddff3e205f3f16a0284df30e774c2a9c"]
pexpect = ["2094eefdfcf37a1fdbfb9aa090862c1a4878e5c7e0e7e7088bdb511c558e5cd1", "9e2c1fd0e6ee3a49b28f95d4b33bc389c89b20af6a1255906e90ff1262ce62eb"]
pickleshare = ["87683d47965c1da65cdacaf31c8441d12b8044cdec9aca500cd78fc2c683afca", "9649af414d74d4df115d5d718f82acb59c9d418196b7b4290ed47a12ce62df56"]
pillow = ["0804f77cb1e9b6dbd37601cee11283bba39a8d44b9ddb053400c58e0c0d7d9de", "0ab7c5b5d04691bcbd570658667dd1e21ca311c62dcfd315ad2255b1cd37f64f", "0b3e6cf3ea1f8cecd625f1420b931c83ce74f00c29a0ff1ce4385f99900ac7c4", "0c6ce6ae03a50b0306a683696234b8bc88c5b292d4181ae365b89bd90250ab08", "1454ee7297a81c8308ad61d74c849486efa1badc543453c4b90db0bf99decc1c", "23efd7f83f2ad6036e2b9ef27a46df7e333de1ad9087d341d87e12225d0142b2", "365c06a45712cd723ec16fa4ceb32ce46ad201eb7bbf6d3c16b063c72b61a3ed", "38301fbc0af865baa4752ddae1bb3cbb24b3d8f221bf2850aad96b243306fa03", "3aef1af1a91798536bbab35d70d35750bd2884f0832c88aeb2499aa2d1ed4992", "3c86051d41d1c8b28b9dde08ac93e73aa842991995b12771b0af28da49086bbf", "3fe0ab49537d9330c9bba7f16a5f8b02da615b5c809cdf7124f356a0f182eccd", "406c856e0f6fc330322a319457d9ff6162834050cda2cf1eaaaea4b771d01914", "45a619d5c1915957449264c81c008934452e3fd3604e36809212300b2a4dab68", "49f90f147883a0c3778fd29d3eb169d56416f25758d0f66775db9184debc8010", "504f5334bfd974490a86fef3e3b494cd3c332a8a680d2f258ca03388b40ae230", "51fe9cfcd32c849c6f36ca293648f279fc5097ca8dd6e518b10df3a6a9a13431", "571b5a758baf1cb6a04233fb23d6cf1ca60b31f9f641b1700bfaab1194020555", "5ac381e8b1259925287ccc5a87d9cf6322a2dc88ae28a97fe3e196385288413f", "6052a9e9af4a9a2cc01da4bbee81d42d33feca2bde247c4916d8274b12bb31a4", "6153db744a743c0c8c91b8e3b9d40e0b13a5d31dbf8a12748c6d9bfd3ddc01ad", "6fd63afd14a16f5d6b408f623cc2142917a1f92855f0df997e09a49f0341be8a", "70acbcaba2a638923c2d337e0edea210505708d7859b87c2bd81e8f9902ae826", "70b1594d56ed32d56ed21a7fbb2a5c6fd7446cdb7b21e749c9791eac3a64d9e4", "76638865c83b1bb33bcac2a61ce4d13c17dba2204969dedb9ab60ef62bede686", "7b2ec162c87fc496aa568258ac88631a2ce0acfe681a9af40842fc55deaedc99", "7b403ea842b70c4fa0a4969a5d8d86e932c941095b7cda077ea68f7b98ead30b", "7be698a28175eae5354da94f5f3dc787d5efae6aca7ad1f286a781afde6a27dd", "7cee2cef07c8d76894ebefc54e4bb707dfc7f258ad155bd61d87f6cd487a70ff", "7d16d4498f8b374fc625c4037742fbdd7f9ac383fd50b06f4df00c81ef60e829", "82840783842b27933cc6388800cb547f31caf436f7e23384d456bdf5fc8dfe49", "8755e600b33f4e8c76a590b42acc35d24f4dc801a5868519ce569b9462d77598", "9159285ab4030c6f85e001468cb5886de05e6bd9304e9e7d46b983f7d2fad0cc", "b50bc1780681b127e28f0075dfb81d6135c3a293e0c1d0211133c75e2179b6c0", "b5aa19f1da16b4f5e47b6930053f08cba77ceccaed68748061b0ec24860e510c", "bd0582f831ad5bcad6ca001deba4568573a4675437db17c4031939156ff339fa", "cdd53acd3afb9878a2289a1b55807871f9877c81174ae0d3763e52f907131d25", "cfd40d8a4b59f7567620410f966bb1f32dc555b2b19f82a91b147fac296f645c", "e150c5aed6e67321edc6893faa6701581ca2d393472f39142a00e551bcd249a5", "e3ae410089de680e8f84c68b755b42bc42c0ceb8c03dbea88a5099747091d38e", "e403b37c6a253ebca5d0f2e5624643997aaae529dc96299162418ef54e29eb70", "e9046e559c299b395b39ac7dbf16005308821c2f24a63cae2ab173bd6aa11616", "ef6be704ae2bc8ad0ebc5cb850ee9139493b0fc4e81abcc240fb392a63ebc808", "f8dc19d92896558f9c4317ee365729ead9d7bbcf2052a9a19a3ef17abbb8ac5b"]
plac = ["854693ad90367e8267112ffbb8955f57d6fdeac3191791dc9ffce80f87fd2370", "ba3f719a018175f0a15a6b04e6cc79c25fd563d348aacd320c3644d2a9baf89b"]
pluggy = ["0825a152ac059776623854c1543d65a4ad408eb3d33ee114dff91e57ec6ae6fc", "b9817417e95936bf75d85d3f8767f7df6cdde751fc40aed3bb3074cbcb77757c"]
preshed = ["0c9af79c7b825793f987d477627efb81afd23384ac791bebbc88a257342a77ab", "0ebc79431154bc5d12f97b3c93bc350af941702a44f0761dfcd395e970d693f8", "102e71dc841c979b2ece44ab05b2b0aa39c8039493ddac40dd22cf23e2484063", "15145b24eded01426544be829a6395d6c99e2d62f5f3b88a6e19087ebeef7237", "195674dfb4bcf18b26e448feaabdf61adcf028ae69ecaa075c0bdfaf62a19671", "38f7fbef59f89d3b2c8c3b102f9a7360cd73a33c829fdeb101c615b18ecc4686", "3aa411233dc230247ea4c4558062e5b2d59d41c697107a45fddbfe03e63f3e77", "3b8c7b607e6dce0843544cfe4f05355db0516fce8eca0c37d6b5f4f3680493bf", "4bda4153d46a603bc6ea65380dfa091d46700f664cb906c7f26a469be6c2a503", "541d7ed765d67512d6f9fa24fd01cc1d7a51c7ff2646362924f4db46813b485a", "593d23b9f851ae7a4d519ca4489dd2b352d833e08f5d35795d42a591b8badb54", "7f6fb8f4108abe958af892847ed50abe6f45aaf45a87853cc8154a7203e75d84", "7ff7f18af1f19ea666ac4fbf48842e6acd900fbfdc26bb9aad02f353ff932386", "9c0d503d8693bf1e08e0fa1cecbcd3253146abaa9a7501d7d583a72edd29fdd1", "9cefe818a97134c0ddf22ef76fced1c841ebd137c2895251c5d1310276c234b5", "9e603916a95dc524081d54c0a135611e6f68d787185d5df2b5ab3f076c3d1bd4", "a2acacceac79aa6d4b65125e20c7de78fbca1340a251854c87967acef1795490", "a3d592e7b265b4faf08c9b4d7493b9e8604e0ba8858cc9bd8c9aee41d3df2a3a", "b2030e68c6f539e6dd7bfcea032940042739ef05d50a2eb1d7af24e038971b0f", "bc894dc14d8567a5d6a1cded0a701da7fbb360b2124237fe8acde85333825aef", "c21d4d10cc0248ba3facbbbfbe63211ce921478a3d5db6de34de39ee1b3484e1", "dae01c74313965c487e0ec839e5f28d0c7df9bfd1d978aa5bada3f72ff20a9e5", "ee8068035684a4b382bebb3a3f270799360545baff9742b85e627a0a889e6850"]
prompt-toolkit = ["11adf3389a996a6d45cc277580d0d53e8a5afd281d0c9ec71b28e6f121463780", "2519ad1d8038fd5fc8e770362237ad0364d16a7650fb5724af6997ed5515e3c1", "977c6583ae813a37dc1c2e1b715892461fcbdaa57f6fc62f33a528c4886c8f55"]
ptyprocess = ["923f299cc5ad920c68f2bc0bc98b75b9f838b93b599941a6b63ddbc2476394c0", "d7cc528d76e76342423ca640335bd3633420dc1366f258cb31d05e865ef5ca1f"]
py = ["64f65755aee5b381cea27766a3a147c3f15b9b6b9ac88676de66ba2ae36793fa", "dc639b046a6e2cff5bbe40194ad65936d6ba360b52b3c3fe1d08a82dd50b5e53"]
pygments = ["71e430bc85c88a430f000ac1d9b331d2407f681d6f6aec95e8bcfbc3df5b0127", "881c4c157e45f30af185c1ffe8d549d48ac9127433f2c380c24b84572ad66297"]
pynvx = ["05e3286320f96f336de5c8abc182668c206db4d94083905d0f061c89db7fef2e", "0dd3deecbe92187e0b8f9cba8dd3e8ffcd82428563e0afe051fe4681e681c307", "1008a0bee0a47aac6ef9882c279ccadd6fdd7564070f197e9e40d327a04f1eb3", "51e0c9955dc9935eed0727c01eb66b06e52adb0ff26336d000e361d7b4d83888", "7517d4345b2e153635b99096517e7e677a1c27158cf7926d025fb849ee48b5b9", "779f8c3fe2c34b22e663de1fd58b64c9f5c6e08b908d680e4360479451bf58cc", "a19e7cc5ea6cc25f4c537158279281853a135f2941758bdbf77db623e1a355a1", "b6f2f7e3d1af9970bb50537d8aab6189275e8e4d678382e36260c7cd12ba283a", "c39fc46d70bea979c08e9dbb39f228f98dc783ffdd8fb3b23b17c560115e5d9e"]
pyparsing = ["43c5486cefefa536c9aab528881c992328f020eefe4f6d06332449c365218580", "d6c5ffe9d0305b9b977f7a642d36b9370954d1da7ada4c62393382cbadad4265"]
pytest = ["3f193df1cfe1d1609d4c583838bea3d532b18d6160fd3f55c9447fdca30848ec", "e246cf173c01169b9617fc07264b7b1316e78d7a650055235d6d897bc80d9660"]
python-dateutil = ["7e6584c74aeed623791615e26efd690f29817a27c73085b78e4bad02493df2fb", "c89805f6f4d64db21ed966fda138f8a5ed7a4fdbc1a8ee329ce1b74e3c74da9e"]
pytz = ["303879e36b721603cc54604edcac9d20401bdbe31e1e4fdee5b9f98d5d31dfda", "d747dd3d23d77ef44c6a3526e274af6efeb0a6f1afd5a69ba4d5be4098c8e141"]
pyyaml = ["57acc1d8533cbe51f6662a55434f0dbecfa2b9eaf115bede8f6fd00115a0c0d3", "588c94b3d16b76cfed8e0be54932e5729cc185caffaa5a451e7ad2f7ed8b4043", "68c8dd247f29f9a0d09375c9c6b8fdc64b60810ebf07ba4cdd64ceee3a58c7b7", "70d9818f1c9cd5c48bb87804f2efc8692f1023dac7f1a1a5c61d454043c1d265", "86a93cccd50f8c125286e637328ff4eef108400dd7089b46a7be3445eecfa391", "a0f329125a926876f647c9fa0ef32801587a12328b4a3c741270464e3e4fa778", "a3c252ab0fa1bb0d5a3f6449a4826732f3eb6c0270925548cac342bc9b22c225", "b4bb4d3f5e232425e25dda21c070ce05168a786ac9eda43768ab7f3ac2770955", "cd0618c5ba5bda5f4039b9398bb7fb6a317bb8298218c3de25c47c4740e4b95e", "ceacb9e5f8474dcf45b940578591c7f3d960e82f926c707788a570b51ba59190", "fe6a88094b64132c4bb3b631412e90032e8cfe9745a58370462240b8cb7553cd"]
requests = ["11e007a8a2aa0323f5a921e9e6a2d7e4e67d9877e85773fba9ba6419025cbeb4", "9cf5292fcd0f598c671cfc1e0d7d1a7f13bb8085e9a590f48c010551dc6c4b31"]
scikit-learn = ["051c53f9e900b0e9eccff2391f5317d1673d72e842bcbcd3e5d0b132459086ed", "0aafc312a55ebf58073151b9308761a5fcfa45b7f7730cea4b1f066f824c72db", "185d88ee4955cd68d7ff57356d1dd99cfc2de4b6aa5e5d679cafbc9df54716ff", "195465c39daded4f3ef8759291ffde81365486d4293e63dd9e32de0f569ecbbf", "4a6398500d035a4402476a2e3ae9f65a7a3f1b366ec6a7f6dd45c289f72dc954", "56f14e98632fb9237e7d005c6d8e346d01fa67f7b92f5f5d57a0bd06c741f9f6", "77092513dd780e12affde46a6394b52947db3fc00cf1d8c1c8eede52b37591d1", "7d2cdfe16b1ae6f9a1760b69be27c2004a84fc362984f930df135c847c47b765", "82c3450fc375f27e3529fa05fec627c9fc75915e05fcd55de43f193b3aa907af", "a5fba00d9037b62b0e0906f64efe9e4a754e556bc091cc12f84bc81655b4a414", "acba6bf5928e415b6296799a7aa069b66254c9440bce88ed2e5915865a317093", "b474f00d2533f18761fb17fb0950b27e72baf0796176247b5a7cf0ee369790ee", "ca45e0def97f73a828cee417174fafa0ab35a41f8bdca4424120a29c5589c548", "f09e544a6756afbd9d31e1d8ddfde5a2c9c17f6d4274104c988fceb611e2d5c5", "f979bb85cbfd9ed4d54709d86ab8893b316726abd1c9ab04abe7e6414b71b753", "fb4c7a2294447515fffec33c1f5eedbe942e9be56edb8c6619607e7882531d40"]
scipy = ["03b1e0775edbe6a4c64effb05fff2ce1429b76d29d754aa5ee2d848b60033351", "09d008237baabf52a5d4f5a6fcf9b3c03408f3f61a69c404472a16861a73917e", "10325f0ffac2400b1ec09537b7e403419dcd25d9fee602a44e8a32119af9079e", "1db9f964ed9c52dc5bd6127f0dd90ac89791daa690a5665cc01eae185912e1ba", "409846be9d6bdcbd78b9e5afe2f64b2da5a923dd7c1cd0615ce589489533fdbb", "4907040f62b91c2e170359c3d36c000af783f0fa1516a83d6c1517cde0af5340", "6c0543f2fdd38dee631fb023c0f31c284a532d205590b393d72009c14847f5b1", "826b9f5fbb7f908a13aa1efd4b7321e36992f5868d5d8311c7b40cf9b11ca0e7", "a7695a378c2ce402405ea37b12c7a338a8755e081869bd6b95858893ceb617ae", "a84c31e8409b420c3ca57fd30c7589378d6fdc8d155d866a7f8e6e80dec6fd06", "adadeeae5500de0da2b9e8dd478520d0a9945b577b2198f2462555e68f58e7ef", "b283a76a83fe463c9587a2c88003f800e08c3929dfbeba833b78260f9c209785", "c19a7389ab3cd712058a8c3c9ffd8d27a57f3d84b9c91a931f542682bb3d269d", "c3bb4bd2aca82fb498247deeac12265921fe231502a6bc6edea3ee7fe6c40a7a", "c5ea60ece0c0c1c849025bfc541b60a6751b491b6f11dd9ef37ab5b8c9041921", "db61a640ca20f237317d27bc658c1fc54c7581ff7f6502d112922dc285bdabee"]
six = ["3350809f0555b11f552448330d0b52d5f24c91a322ea4a15ef22629740f3761c", "d16a0141ec1a18405cd4ce8b4613101da75da0e9a7aec5bdd4fa804d0e0eba73"]
soupsieve = ["72b5f1aea9101cf720a36bb2327ede866fd6f1a07b1e87c92a1cc18113cbc946", "e4e9c053d59795e440163733a7fec6c5972210e1790c507e4c7b051d6c5259de"]
spacy = ["2441ad9e6195669c13f4035dd77c4206414a40ebb8543c69f3386d984abfb942", "92413e0ee146c0b4dd52959799aa6d61e7900f403269bda77cc549b025bedf2a", "9a1c268e99ac8e19f3a98ecf2da0d8dc48ce0e8c5a6943c19cecccc48ea9f50e", "ae392362e1b3769e54242cc341d237d39c94f80cded466c8f11862f26bd899da", "b708bb5825976220de78ad7e20e827912ca95653738a812cc2e5d194e3060ae8", "c383a4ea7682c124dacc119651c9710fa618aa2751bcafec99c876bdc7810ac0", "ca8719ff445184913ca672bf544d9c5b59f77efc725510ffc43c83009fff3253", "cdb331604c1568f7848c4d74320d65e1a7ebd5314eb63373ef41713b16333d4a", "e1de6177fc259a4601cf8573f65c41021afad6fde975c6692e8ed21989c9492d", "f6ed3d25aa8d46d9923ae607917a7d31666c04cf6a4f9314154586da4a8e7673"]
srsly = ["06c98093f9d1e2573e6bcb64945b748326b31aa3dd8c4945f195a9f33858b420", "7817c37b0c01279e6d12fee1fc11eaea8e4110d5642834b68cd3d15307d8b6df", "78d987ad6b785badfe6150c314b0150ee2bf99f3ca38e138ebb2c024911d528e", "7aaccb4e8e73f825b0ae49f6712c43792c4281e4126fdbd2812314d6704e27a4", "7d3a67800a651b367dec37195481b8e6ef11b7747501c45177c333bcf0f1413c", "9ccb083828b1443eb016bc874bb4854618c439181065e62d157c5d91064f048c", "b7d539d70c30c272542ca3aae0b2a75f2ca455687c951a238aab69e57bfd4ef6", "c2a1f597f83e4356618bd49b395c05c87e02bb4a67aaf175d391e7b0f940708b", "c5a9bc9d04d1dbc2d40776c2a11a70dbb5253ef10b4e0203b70c96d8540f10c6", "d717fddc3772308f97cee018c1c8d5202f47a223782f5bc28bf5f588bd261fb6", "dc4163ad94bda47196c57ef438dc718569f264ef11e8079b3e85f73a2b9bde7f", "e1f6779a993740da8545ac0e1d2b8d5b27cc67e318c6b8bf200481165c76d6e4", "f3a2948b088064f719918ef46a1f14ffbd3ccab4c639c4ecb65053814fb036ed", "f845dc259a18a6ed83c4bc3dde6722563b4a7536a23c5a8c2159cdd242b8f994"]
thinc = ["02c3aceae5057f13bb17aae8c9ad945a1986599387febb1ceeced1a4dac2066e", "2c62d9527f5f5fe0c79947a96a855f831ae3c949db00452d99991148370acff1", "3894eae850735d6033ca33f3f4fb61e35650ae33533e7d6b9b956a567dbe0db1", "4ef23bea2d7cc67b1b37c87b49536e4bc5bf91a25c3ba5b0dac07d5b89dbcc1a", "5cdb72e8efec0e7b6efae09a09245d744f144114048f63f1ed4b63b8656d2aa4", "6ebf3519383b8c7ee64d0f7041818486e4f4c6119c55f1a39412e005893da11a", "89df96c2cc2e45c92e7217c3cc0c30a01443f958e565e373239186ff939fdfe9", "95589d0d177739ae36d6b31b14c62c01e3e32fa3debbffcbcbd436b4d09e910f", "b117fb43048ed28b5fe0285e81a2a1e6b4999edd638413e2e52fa981d0c7e5a5", "e646c6a656d33019510ee464ebff545940d712706674dbf0136434245625e2dd", "e7486cffa3f8f374efb5c008f32776e104a6afeb6f8d9149ec868726fc6ef1af", "f27e0fe9b1e4be2eb0ff95112a9cbcd79e1614d25b8bae6f2e8e2b727c2a2fe6"]
torch = ["3f3023345c6db4db28a79f52ada186fc6307ba8a0c85252eb0a70b78eff3a443", "87d4778e848e4c83505a0d10135d514871ea0ae2da75e0710be272ea5048f9e3", "9f4182043f8ac72d6fd52c5189f1600c94e827b698748c355097077874e8c810", "ee2c48794c767606f4629ee3d1f147e2fcb1a02a31b6bca252cc7c7e3ad22c4a"]
torchvision = ["03ddd9c310348e82a23348c5f5048aa8c3def067440261c84742c3cbe7e904fc", "27d2b84553fd01c1fd71585b8dde0caa9b660a629df1c9d6d0a8be85f2932d76", "3ed016bea513e5a77642c58794a59146658270221b564f258d6c7483cc07344f", "40067e4e4915846e1e7d78d56fc1a26cba23265121d0bd52fb144391e7143b86", "7a972907ea3865e9efdb1d2de349fe68b77a8f0e8b88c3fa9d9d5aa808de3d00", "81237ef6cfc4f93f035f5b0d0d1227222e2612bf20154aab585c14f8f4ca8269", "87fd98cd817cdb9ea5f0010a1b30eb0b297922e33a8c27cc940ed486044dc82c", "959d636d8ea3ef425f37253a06937f3960a9488746857e3b9c335e007e80a7fd", "a5bcbee4baf4b027e3872ebcbe1c33cce9b4edbccbd5fb739a1c25c54ce734a0", "df51bd05bad0aaebfab20c3d9fa96fc571b7963e466afc5d1039ddfc7459f975", "e6525572b8e91095d0252c6d4cb2936c551a044c4650857da7ce6dc294178b9f", "fb8ea1e2f9d40dbd61eafaadf302dd062df5c3793f74599692443fdee7f9707b"]
tqdm = ["14a285392c32b6f8222ecfbcd217838f88e11630affe9006cd0e94c7eff3cb61", "25d4c0ea02a305a688e7e9c2cdc8f862f989ef2a4701ab28ee963295f5b109ab"]
traitlets = ["9c4bd2d267b7153df9152698efb1050a5d84982d3384a37b2c1f7723ba3e7835", "c6cb5e6f57c5a9bdaa40fa71ce7b4af30298fbab9ece9815b5d995ab6217c7d9"]
typing = ["38566c558a0a94d6531012c8e917b1b8518a41e418f7f15f00e129cc80162ad3", "53765ec4f83a2b720214727e319607879fec4acde22c4fbb54fa2604e79e44ce", "84698954b4e6719e912ef9a42a2431407fe3755590831699debda6fba92aac55"]
urllib3 = ["b246607a25ac80bedac05c6f282e3cdaf3afb65420fd024ac94435cabe6e18d1", "dbe59173209418ae49d485b87d1681aefa36252ee85884c31346debd19463232"]
wasabi = ["b4fbee9dd0c8f5cff6554c0463c565e2d52b7c844d7eccb477d29a6ff8567750", "f92c83e728bf1db6dc859ffc861afa328d2da8ef0c7a19300e5fb1bd5762b277"]
wcwidth = ["3df37372226d6e63e1b1e1eda15c594bca98a22d33a23832a90998faa96bc65e", "f4ebe71925af7b40a864553f761ed559b43544f8f71746c2d756c7fe788ade7c"]
zipp = ["4970c3758f4e89a7857a973b1e2a5d75bcdc47794442f2e2dd4fe8e0466e809a", "8a5712cfd3bb4248015eb3b0b3c54a5f6ee3f2425963ef2a0125b8bc40aafaec"]
